
Microsoft Visual Studio Solution File, Format Version 12.00
# Visual Studio 15
Project("{FAE04EC0-301F-11D3-BF4B-00C04F79EFBC}") = "01", "AdventOfCode2018\01.csproj", "{4EF35263-CFF9-4347-BC7D-2084E946E4F3}"
EndProject
Global
	GlobalSection(SolutionConfigurationPlatforms) = preSolution
		Debug|Any CPU = Debug|Any CPU
		Release|Any CPU = Release|Any CPU
	EndGlobalSection
	GlobalSection(ProjectConfigurationPlatforms) = postSolution
		{4EF35263-CFF9-4347-BC7D-2084E946E4F3}.Debug|Any CPU.ActiveCfg = Debug|Any CPU
		{4EF35263-CFF9-4347-BC7D-2084E946E4F3}.Debug|Any CPU.Build.0 = Debug|Any CPU
		{4EF35263-CFF9-4347-BC7D-2084E946E4F3}.Release|Any CPU.ActiveCfg = Release|Any CPU
		{4EF35263-CFF9-4347-BC7D-2084E946E4F3}.Release|Any CPU.Build.0 = Release|Any CPU
	EndGlobalSection
EndGlobal
